<?xml version="1.0" encoding="utf-8"?>
<Project ToolsVersion="4.0" xmlns="http://schemas.microsoft.com/developer/msbuild/2003">
  <ItemGroup>
    <Filter Include="Source Files">
      <UniqueIdentifier>{4FC737F1-C7A5-4376-A066-2A32D752A2FF}</UniqueIdentifier>
      <Extensions>cpp;c;cc;cxx;c++;cppm;ixx;def;odl;idl;hpj;bat;asm;asmx</Extensions>
    </Filter>
    <Filter Include="Header Files">
      <UniqueIdentifier>{93995380-89BD-4b04-88EB-625FBE52EBFB}</UniqueIdentifier>
      <Extensions>h;hh;hpp;hxx;h++;hm;inl;inc;ipp;xsd</Extensions>
    </Filter>
    <Filter Include="Resource Files">
      <UniqueIdentifier>{67DA6AB6-F800-4c08-8B7A-83BB121AAD01}</UniqueIdentifier>
      <Extensions>rc;ico;cur;bmp;dlg;rc2;rct;bin;rgs;gif;jpg;jpeg;jpe;resx;tiff;tif;png;wav;mfcribbon-ms</Extensions>
    </Filter>
  </ItemGroup>
  <ItemGroup>
    <ClInclude Include="BaseObject.h">
      <Filter>Header Files</Filter>
    </ClInclude>
    <ClInclude Include="Character.h">
      <Filter>Header Files</Filter>
    </ClInclude>
    <ClInclude Include="EnemyBuzzyBeetle.h">
      <Filter>Header Files</Filter>
    </ClInclude>
    <ClInclude Include="EnemyMushroom.h">
      <Filter>Header Files</Filter>
    </ClInclude>
    <ClInclude Include="EnemySpinyBeetle.h">
      <Filter>Header Files</Filter>
    </ClInclude>
    <ClInclude Include="GamePlay.h">
      <Filter>Header Files</Filter>
    </ClInclude>
    <ClInclude Include="Map.h">
      <Filter>Header Files</Filter>
    </ClInclude>
    <ClInclude Include="Weapon.h">
      <Filter>Header Files</Filter>
    </ClInclude>
    <ClInclude Include="WeaponKunai.h">
      <Filter>Header Files</Filter>
    </ClInclude>
    <ClInclude Include="EnemyWhiteGhost.h">
      <Filter>Header Files</Filter>
    </ClInclude>
    <ClInclude Include="WeaponShuriken.h">
      <Filter>Header Files</Filter>
    </ClInclude>
    <ClInclude Include="WeaponFire.h">
      <Filter>Header Files</Filter>
    </ClInclude>
    <ClInclude Include="Enemy.h">
      <Filter>Header Files</Filter>
    </ClInclude>
    <ClInclude Include="Point2D.h">
      <Filter>Header Files</Filter>
    </ClInclude>
  </ItemGroup>
  <ItemGroup>
    <ClCompile Include="BaseObject.cpp">
      <Filter>Source Files</Filter>
    </ClCompile>
    <ClCompile Include="Character.cpp">
      <Filter>Source Files</Filter>
    </ClCompile>
    <ClCompile Include="GamePlay.cpp">
      <Filter>Source Files</Filter>
    </ClCompile>
    <ClCompile Include="Map.cpp">
      <Filter>Source Files</Filter>
    </ClCompile>
    <ClCompile Include="WinMain.cpp">
      <Filter>Source Files</Filter>
    </ClCompile>
    <ClCompile Include="Weapon.cpp">
      <Filter>Source Files</Filter>
    </ClCompile>
    <ClCompile Include="Enemy.cpp">
      <Filter>Source Files</Filter>
    </ClCompile>
    <ClCompile Include="Point2D.cpp">
      <Filter>Source Files</Filter>
    </ClCompile>
  </ItemGroup>
  <ItemGroup>
    <Image Include="Bitmap\BuzzyBeetle.bmp">
      <Filter>Resource Files</Filter>
    </Image>
    <Image Include="Bitmap\cloud.bmp">
      <Filter>Resource Files</Filter>
    </Image>
    <Image Include="Bitmap\Fire.bmp">
      <Filter>Resource Files</Filter>
    </Image>
    <Image Include="Bitmap\Kunai.bmp">
      <Filter>Resource Files</Filter>
    </Image>
    <Image Include="Bitmap\map.bmp">
      <Filter>Resource Files</Filter>
    </Image>
    <Image Include="Bitmap\Mushroom.bmp">
      <Filter>Resource Files</Filter>
    </Image>
    <Image Include="Bitmap\NinjaBoy.bmp">
      <Filter>Resource Files</Filter>
    </Image>
    <Image Include="Bitmap\Shuriken.bmp">
      <Filter>Resource Files</Filter>
    </Image>
    <Image Include="Bitmap\SpinyBeetle.bmp">
      <Filter>Resource Files</Filter>
    </Image>
    <Image Include="Bitmap\WhiteGhost.bmp">
      <Filter>Resource Files</Filter>
    </Image>
  </ItemGroup>
</Project>